
Microsoft Visual Studio Solution File, Format Version 12.00
# Visual Studio Version 17
VisualStudioVersion = 17.7.34024.191
MinimumVisualStudioVersion = 10.0.40219.1
Project("{9A19103F-16F7-4668-BE54-9A1E7A4F7556}") = "Formazione", "Formazione.csproj", "{5174DD0F-ABAC-4E01-A94E-9B339AD8099F}"
EndProject
Global
	GlobalSection(SolutionConfigurationPlatforms) = preSolution
		Debug|Any CPU = Debug|Any CPU
		Release|Any CPU = Release|Any CPU
	EndGlobalSection
	GlobalSection(ProjectConfigurationPlatforms) = postSolution
		{5174DD0F-ABAC-4E01-A94E-9B339AD8099F}.Debug|Any CPU.ActiveCfg = Debug|Any CPU
		{5174DD0F-ABAC-4E01-A94E-9B339AD8099F}.Debug|Any CPU.Build.0 = Debug|Any CPU
		{5174DD0F-ABAC-4E01-A94E-9B339AD8099F}.Release|Any CPU.ActiveCfg = Release|Any CPU
		{5174DD0F-ABAC-4E01-A94E-9B339AD8099F}.Release|Any CPU.Build.0 = Release|Any CPU
	EndGlobalSection
	GlobalSection(SolutionProperties) = preSolution
		HideSolutionNode = FALSE
	EndGlobalSection
	GlobalSection(ExtensibilityGlobals) = postSolution
		SolutionGuid = {B8F4B256-CD6D-4476-AF71-BBF2C9302757}
	EndGlobalSection
EndGlobal
